
Microsoft Visual Studio Solution File, Format Version 12.00
# Visual Studio Version 17
VisualStudioVersion = 17.8.34408.163
MinimumVisualStudioVersion = 10.0.40219.1
Project("{F184B08F-C81C-45F6-A57F-5ABD9991F28F}") = "B2B_MicrochipTest", "B2B_MicrochipTest\B2B_MicrochipTest.vbproj", "{C386B068-73C0-41C7-83C6-93E29B49AB4F}"
EndProject
Global
	GlobalSection(SolutionConfigurationPlatforms) = preSolution
		Debug|Any CPU = Debug|Any CPU
		Release|Any CPU = Release|Any CPU
	EndGlobalSection
	GlobalSection(ProjectConfigurationPlatforms) = postSolution
		{C386B068-73C0-41C7-83C6-93E29B49AB4F}.Debug|Any CPU.ActiveCfg = Debug|Any CPU
		{C386B068-73C0-41C7-83C6-93E29B49AB4F}.Debug|Any CPU.Build.0 = Debug|Any CPU
		{C386B068-73C0-41C7-83C6-93E29B49AB4F}.Release|Any CPU.ActiveCfg = Release|Any CPU
		{C386B068-73C0-41C7-83C6-93E29B49AB4F}.Release|Any CPU.Build.0 = Release|Any CPU
	EndGlobalSection
	GlobalSection(SolutionProperties) = preSolution
		HideSolutionNode = FALSE
	EndGlobalSection
	GlobalSection(ExtensibilityGlobals) = postSolution
		SolutionGuid = {C5F9B631-B318-4743-BA27-2E318E23660B}
	EndGlobalSection
EndGlobal
